{
  "originHash" : "20dc0c8ba4ce391b8ff6b8c8ad16a5128353a7a510377c07c065f53ddc7e6bc0",
  "pins" : [
    {
      "identity" : "swiftformat",
      "kind" : "remoteSourceControl",
      "location" : "https://github.com/nicklockwood/SwiftFormat",
      "state" : {
        "revision" : "b83a8f132ff5430f3b6ff7d912baa407caea9e29",
        "version" : "0.57.2"
      }
    }
  ],
  "version" : 3
}
